// !$*UTF8*$!
{
	archiveVersion = 1;
	classes = {
	};
	objectVersion = 77;
	objects = {

/* Begin PBXBuildFile section */
		937E6FC22FC0A2AF00FE3589 /* WidgetKit.framework in Frameworks */ = {isa = PBXBuildFile; fileRef = 937E6FC12FC0A2AF00FE3589 /* WidgetKit.framework */; };
		937E6FC42FC0A2AF00FE3589 /* SwiftUI.framework in Frameworks */ = {isa = PBXBuildFile; fileRef = 937E6FC32FC0A2AF00FE3589 /* SwiftUI.framework */; };
		937E6FD52FC0A2B000FE3589 /* DailyQuestionWidgetExtension.appex in Embed Foundation Extensions */ = {isa = PBXBuildFile; fileRef = 937E6FBF2FC0A2AF00FE3589 /* DailyQuestionWidgetExtension.appex */; settings = {ATTRIBUTES = (RemoveHeadersOnCopy, ); }; };
		93B5F16F2FE1485A0042E162 /* StoreKit.framework in Frameworks */ = {isa = PBXBuildFile; fileRef = 93B5F16E2FE1485A0042E162 /* StoreKit.framework */; };
/* End PBXBuildFile section */

/* Begin PBXContainerItemProxy section */
		937E6FD32FC0A2B000FE3589 /* PBXContainerItemProxy */ = {
			isa = PBXContainerItemProxy;
			containerPortal = 9310DF502F66EEF600E1C965 /* Project object */;
			proxyType = 1;
			remoteGlobalIDString = 937E6FBE2FC0A2AF00FE3589;
			remoteInfo = DailyQuestionWidgetExtension;
		};
		93B5F16C2FDFF8230042E162 /* PBXContainerItemProxy */ = {
			isa = PBXContainerItemProxy;
			containerPortal = 9310DF502F66EEF600E1C965 /* Project object */;
			proxyType = 1;
			remoteGlobalIDString = 9310DF572F66EEF600E1C965;
			remoteInfo = Talk;
		};
		93C766A42FDBFE780092E077 /* PBXContainerItemProxy */ = {
			isa = PBXContainerItemProxy;
			containerPortal = 9310DF502F66EEF600E1C965 /* Project object */;
			proxyType = 1;
			remoteGlobalIDString = 9310DF572F66EEF600E1C965;
			remoteInfo = Talk;
		};
/* End PBXContainerItemProxy section */

/* Begin PBXCopyFilesBuildPhase section */
		937E6FD62FC0A2B000FE3589 /* Embed Foundation Extensions */ = {
			isa = PBXCopyFilesBuildPhase;
			buildActionMask = 2147483647;
			dstPath = "";
			dstSubfolderSpec = 13;
			files = (
				937E6FD52FC0A2B000FE3589 /* DailyQuestionWidgetExtension.appex in Embed Foundation Extensions */,
			);
			name = "Embed Foundation Extensions";
			runOnlyForDeploymentPostprocessing = 0;
		};
/* End PBXCopyFilesBuildPhase section */

/* Begin PBXFileReference section */
		9310DF582F66EEF600E1C965 /* Talk.app */ = {isa = PBXFileReference; explicitFileType = wrapper.application; includeInIndex = 0; path = Talk.app; sourceTree = BUILT_PRODUCTS_DIR; };
		937E6FBF2FC0A2AF00FE3589 /* DailyQuestionWidgetExtension.appex */ = {isa = PBXFileReference; explicitFileType = "wrapper.app-extension"; includeInIndex = 0; path = DailyQuestionWidgetExtension.appex; sourceTree = BUILT_PRODUCTS_DIR; };
		937E6FC12FC0A2AF00FE3589 /* WidgetKit.framework */ = {isa = PBXFileReference; lastKnownFileType = wrapper.framework; name = WidgetKit.framework; path = System/Library/Frameworks/WidgetKit.framework; sourceTree = SDKROOT; };
		937E6FC32FC0A2AF00FE3589 /* SwiftUI.framework */ = {isa = PBXFileReference; lastKnownFileType = wrapper.framework; name = SwiftUI.framework; path = System/Library/Frameworks/SwiftUI.framework; sourceTree = SDKROOT; };
		937E6FDC2FC0A33A00FE3589 /* DailyQuestionWidgetExtension.entitlements */ = {isa = PBXFileReference; lastKnownFileType = text.plist.entitlements; path = DailyQuestionWidgetExtension.entitlements; sourceTree = "<group>"; };
		93B5F16B2FDFF6610042E162 /* Tests.xctestplan */ = {isa = PBXFileReference; lastKnownFileType = text; path = Tests.xctestplan; sourceTree = "<group>"; };
		93B5F16E2FE1485A0042E162 /* StoreKit.framework */ = {isa = PBXFileReference; lastKnownFileType = wrapper.framework; name = StoreKit.framework; path = System/Library/Frameworks/StoreKit.framework; sourceTree = SDKROOT; };
		93C766A02FDBFE770092E077 /* TalkTests.xctest */ = {isa = PBXFileReference; explicitFileType = wrapper.cfbundle; includeInIndex = 0; path = TalkTests.xctest; sourceTree = BUILT_PRODUCTS_DIR; };
		BB10000BBB10000BBB10000B /* DailyQuestionWidgetExtensionTests.xctest */ = {isa = PBXFileReference; explicitFileType = wrapper.cfbundle; includeInIndex = 0; path = DailyQuestionWidgetExtensionTests.xctest; sourceTree = BUILT_PRODUCTS_DIR; };
/* End PBXFileReference section */

/* Begin PBXFileSystemSynchronizedBuildFileExceptionSet section */
		930534EC2F79B6DF00993401 /* Exceptions for "Talk" folder in "Talk" target */ = {
			isa = PBXFileSystemSynchronizedBuildFileExceptionSet;
			membershipExceptions = (
				Info.plist,
			);
			target = 9310DF572F66EEF600E1C965 /* Talk */;
		};
		937E6FDA2FC0A2B000FE3589 /* Exceptions for "DailyQuestionWidget" folder in "DailyQuestionWidgetExtension" target */ = {
			isa = PBXFileSystemSynchronizedBuildFileExceptionSet;
			membershipExceptions = (
				Info.plist,
			);
			target = 937E6FBE2FC0A2AF00FE3589 /* DailyQuestionWidgetExtension */;
		};
		937E6FDE2FC0A35700FE3589 /* Exceptions for "Talk" folder in "DailyQuestionWidgetExtension" target */ = {
			isa = PBXFileSystemSynchronizedBuildFileExceptionSet;
			membershipExceptions = (
				"/Localized: Clients/Data/en/daily.json",
				"/Localized: Clients/Data/uk/daily.json",
				Model/DailyQuestion.swift,
			);
			target = 937E6FBE2FC0A2AF00FE3589 /* DailyQuestionWidgetExtension */;
		};
		BB100002BB100002BB100002 /* Exceptions for "DailyQuestionWidget" folder in "DailyQuestionWidgetExtensionTests" target */ = {
			isa = PBXFileSystemSynchronizedBuildFileExceptionSet;
			membershipExceptions = (
				DailyQuestionWidgetBundle.swift,
				Info.plist,
			);
			target = BB10000ABB10000ABB10000A /* DailyQuestionWidgetExtensionTests */;
		};
		BB100003BB100003BB100003 /* Exceptions for "Talk" folder in "DailyQuestionWidgetExtensionTests" target */ = {
			isa = PBXFileSystemSynchronizedBuildFileExceptionSet;
			membershipExceptions = (
				Model/DailyQuestion.swift,
			);
			target = BB10000ABB10000ABB10000A /* DailyQuestionWidgetExtensionTests */;
		};
/* End PBXFileSystemSynchronizedBuildFileExceptionSet section */

/* Begin PBXFileSystemSynchronizedRootGroup section */
		9310DF5A2F66EEF600E1C965 /* Talk */ = {
			isa = PBXFileSystemSynchronizedRootGroup;
			exceptions = (
				930534EC2F79B6DF00993401 /* Exceptions for "Talk" folder in "Talk" target */,
				937E6FDE2FC0A35700FE3589 /* Exceptions for "Talk" folder in "DailyQuestionWidgetExtension" target */,
				BB100003BB100003BB100003 /* Exceptions for "Talk" folder in "DailyQuestionWidgetExtensionTests" target */,
			);
			path = Talk;
			sourceTree = "<group>";
		};
		937E6FC52FC0A2AF00FE3589 /* DailyQuestionWidget */ = {
			isa = PBXFileSystemSynchronizedRootGroup;
			exceptions = (
				937E6FDA2FC0A2B000FE3589 /* Exceptions for "DailyQuestionWidget" folder in "DailyQuestionWidgetExtension" target */,
				BB100002BB100002BB100002 /* Exceptions for "DailyQuestionWidget" folder in "DailyQuestionWidgetExtensionTests" target */,
			);
			path = DailyQuestionWidget;
			sourceTree = "<group>";
		};
		93C766A12FDBFE780092E077 /* TalkTests */ = {
			isa = PBXFileSystemSynchronizedRootGroup;
			path = TalkTests;
			sourceTree = "<group>";
		};
		AA11AA11BB22BB22CC33CC33 /* Shared */ = {
			isa = PBXFileSystemSynchronizedRootGroup;
			path = Shared;
			sourceTree = "<group>";
		};
		BB100001BB100001BB100001 /* DailyQuestionWidgetExtensionTests */ = {
			isa = PBXFileSystemSynchronizedRootGroup;
			path = DailyQuestionWidgetExtensionTests;
			sourceTree = "<group>";
		};
/* End PBXFileSystemSynchronizedRootGroup section */

/* Begin PBXFrameworksBuildPhase section */
		9310DF552F66EEF600E1C965 /* Frameworks */ = {
			isa = PBXFrameworksBuildPhase;
			buildActionMask = 2147483647;
			files = (
				93B5F16F2FE1485A0042E162 /* StoreKit.framework in Frameworks */,
			);
			runOnlyForDeploymentPostprocessing = 0;
		};
		937E6FBC2FC0A2AF00FE3589 /* Frameworks */ = {
			isa = PBXFrameworksBuildPhase;
			buildActionMask = 2147483647;
			files = (
				937E6FC42FC0A2AF00FE3589 /* SwiftUI.framework in Frameworks */,
				937E6FC22FC0A2AF00FE3589 /* WidgetKit.framework in Frameworks */,
			);
			runOnlyForDeploymentPostprocessing = 0;
		};
		93C7669D2FDBFE770092E077 /* Frameworks */ = {
			isa = PBXFrameworksBuildPhase;
			buildActionMask = 2147483647;
			files = (
			);
			runOnlyForDeploymentPostprocessing = 0;
		};
		BB100005BB100005BB100005 /* Frameworks */ = {
			isa = PBXFrameworksBuildPhase;
			buildActionMask = 2147483647;
			files = (
			);
			runOnlyForDeploymentPostprocessing = 0;
		};
/* End PBXFrameworksBuildPhase section */

/* Begin PBXGroup section */
		9310DF4F2F66EEF600E1C965 = {
			isa = PBXGroup;
			children = (
				93B5F16B2FDFF6610042E162 /* Tests.xctestplan */,
				937E6FDC2FC0A33A00FE3589 /* DailyQuestionWidgetExtension.entitlements */,
				AA11AA11BB22BB22CC33CC33 /* Shared */,
				9310DF5A2F66EEF600E1C965 /* Talk */,
				937E6FC52FC0A2AF00FE3589 /* DailyQuestionWidget */,
				93C766A12FDBFE780092E077 /* TalkTests */,
				BB100001BB100001BB100001 /* DailyQuestionWidgetExtensionTests */,
				937E6FC02FC0A2AF00FE3589 /* Frameworks */,
				9310DF592F66EEF600E1C965 /* Products */,
			);
			sourceTree = "<group>";
		};
		9310DF592F66EEF600E1C965 /* Products */ = {
			isa = PBXGroup;
			children = (
				9310DF582F66EEF600E1C965 /* Talk.app */,
				937E6FBF2FC0A2AF00FE3589 /* DailyQuestionWidgetExtension.appex */,
				93C766A02FDBFE770092E077 /* TalkTests.xctest */,
				BB10000BBB10000BBB10000B /* DailyQuestionWidgetExtensionTests.xctest */,
			);
			name = Products;
			sourceTree = "<group>";
		};
		937E6FC02FC0A2AF00FE3589 /* Frameworks */ = {
			isa = PBXGroup;
			children = (
				93B5F16E2FE1485A0042E162 /* StoreKit.framework */,
				937E6FC12FC0A2AF00FE3589 /* WidgetKit.framework */,
				937E6FC32FC0A2AF00FE3589 /* SwiftUI.framework */,
			);
			name = Frameworks;
			sourceTree = "<group>";
		};
/* End PBXGroup section */

/* Begin PBXNativeTarget section */
		9310DF572F66EEF600E1C965 /* Talk */ = {
			isa = PBXNativeTarget;
			buildConfigurationList = 9310DF632F66EEF700E1C965 /* Build configuration list for PBXNativeTarget "Talk" */;
			buildPhases = (
				9310DF542F66EEF600E1C965 /* Sources */,
				9310DF552F66EEF600E1C965 /* Frameworks */,
				9310DF562F66EEF600E1C965 /* Resources */,
				937E6FD62FC0A2B000FE3589 /* Embed Foundation Extensions */,
			);
			buildRules = (
			);
			dependencies = (
				937E6FD42FC0A2B000FE3589 /* PBXTargetDependency */,
			);
			fileSystemSynchronizedGroups = (
				9310DF5A2F66EEF600E1C965 /* Talk */,
				AA11AA11BB22BB22CC33CC33 /* Shared */,
			);
			name = Talk;
			packageProductDependencies = (
			);
			productName = Talk;
			productReference = 9310DF582F66EEF600E1C965 /* Talk.app */;
			productType = "com.apple.product-type.application";
		};
		937E6FBE2FC0A2AF00FE3589 /* DailyQuestionWidgetExtension */ = {
			isa = PBXNativeTarget;
			buildConfigurationList = 937E6FD92FC0A2B000FE3589 /* Build configuration list for PBXNativeTarget "DailyQuestionWidgetExtension" */;
			buildPhases = (
				937E6FBB2FC0A2AF00FE3589 /* Sources */,
				937E6FBC2FC0A2AF00FE3589 /* Frameworks */,
				937E6FBD2FC0A2AF00FE3589 /* Resources */,
			);
			buildRules = (
			);
			dependencies = (
			);
			fileSystemSynchronizedGroups = (
				937E6FC52FC0A2AF00FE3589 /* DailyQuestionWidget */,
				AA11AA11BB22BB22CC33CC33 /* Shared */,
			);
			name = DailyQuestionWidgetExtension;
			packageProductDependencies = (
			);
			productName = DailyQuestionWidgetExtension;
			productReference = 937E6FBF2FC0A2AF00FE3589 /* DailyQuestionWidgetExtension.appex */;
			productType = "com.apple.product-type.app-extension";
		};
		93C7669F2FDBFE770092E077 /* TalkTests */ = {
			isa = PBXNativeTarget;
			buildConfigurationList = 93C766A62FDBFE780092E077 /* Build configuration list for PBXNativeTarget "TalkTests" */;
			buildPhases = (
				93C7669C2FDBFE770092E077 /* Sources */,
				93C7669D2FDBFE770092E077 /* Frameworks */,
				93C7669E2FDBFE770092E077 /* Resources */,
			);
			buildRules = (
			);
			dependencies = (
				93C766A52FDBFE780092E077 /* PBXTargetDependency */,
			);
			fileSystemSynchronizedGroups = (
				93C766A12FDBFE780092E077 /* TalkTests */,
			);
			name = TalkTests;
			packageProductDependencies = (
			);
			productName = TalkTests;
			productReference = 93C766A02FDBFE770092E077 /* TalkTests.xctest */;
			productType = "com.apple.product-type.bundle.unit-test";
		};
		BB10000ABB10000ABB10000A /* DailyQuestionWidgetExtensionTests */ = {
			isa = PBXNativeTarget;
			buildConfigurationList = BB100009BB100009BB100009 /* Build configuration list for PBXNativeTarget "DailyQuestionWidgetExtensionTests" */;
			buildPhases = (
				BB100004BB100004BB100004 /* Sources */,
				BB100005BB100005BB100005 /* Frameworks */,
				BB100006BB100006BB100006 /* Resources */,
			);
			buildRules = (
			);
			dependencies = (
				93B5F16D2FDFF8230042E162 /* PBXTargetDependency */,
			);
			fileSystemSynchronizedGroups = (
				937E6FC52FC0A2AF00FE3589 /* DailyQuestionWidget */,
				AA11AA11BB22BB22CC33CC33 /* Shared */,
				BB100001BB100001BB100001 /* DailyQuestionWidgetExtensionTests */,
			);
			name = DailyQuestionWidgetExtensionTests;
			packageProductDependencies = (
			);
			productName = DailyQuestionWidgetExtensionTests;
			productReference = BB10000BBB10000BBB10000B /* DailyQuestionWidgetExtensionTests.xctest */;
			productType = "com.apple.product-type.bundle.unit-test";
		};
/* End PBXNativeTarget section */

/* Begin PBXProject section */
		9310DF502F66EEF600E1C965 /* Project object */ = {
			isa = PBXProject;
			attributes = {
				BuildIndependentTargetsInParallel = 1;
				LastSwiftUpdateCheck = 2650;
				LastUpgradeCheck = 2640;
				TargetAttributes = {
					9310DF572F66EEF600E1C965 = {
						CreatedOnToolsVersion = 26.1.1;
					};
					937E6FBE2FC0A2AF00FE3589 = {
						CreatedOnToolsVersion = 26.5;
					};
					93C7669F2FDBFE770092E077 = {
						CreatedOnToolsVersion = 26.5;
						TestTargetID = 9310DF572F66EEF600E1C965;
					};
					BB10000ABB10000ABB10000A = {
						CreatedOnToolsVersion = 26.5;
						TestTargetID = 9310DF572F66EEF600E1C965;
					};
				};
			};
			buildConfigurationList = 9310DF532F66EEF600E1C965 /* Build configuration list for PBXProject "Talk" */;
			developmentRegion = en;
			hasScannedForEncodings = 0;
			knownRegions = (
				en,
				Base,
				uk,
			);
			mainGroup = 9310DF4F2F66EEF600E1C965;
			minimizedProjectReferenceProxies = 1;
			packageReferences = (
			);
			preferredProjectObjectVersion = 77;
			productRefGroup = 9310DF592F66EEF600E1C965 /* Products */;
			projectDirPath = "";
			projectRoot = "";
			targets = (
				9310DF572F66EEF600E1C965 /* Talk */,
				937E6FBE2FC0A2AF00FE3589 /* DailyQuestionWidgetExtension */,
				93C7669F2FDBFE770092E077 /* TalkTests */,
				BB10000ABB10000ABB10000A /* DailyQuestionWidgetExtensionTests */,
			);
		};
/* End PBXProject section */

/* Begin PBXResourcesBuildPhase section */
		9310DF562F66EEF600E1C965 /* Resources */ = {
			isa = PBXResourcesBuildPhase;
			buildActionMask = 2147483647;
			files = (
			);
			runOnlyForDeploymentPostprocessing = 0;
		};
		937E6FBD2FC0A2AF00FE3589 /* Resources */ = {
			isa = PBXResourcesBuildPhase;
			buildActionMask = 2147483647;
			files = (
			);
			runOnlyForDeploymentPostprocessing = 0;
		};
		93C7669E2FDBFE770092E077 /* Resources */ = {
			isa = PBXResourcesBuildPhase;
			buildActionMask = 2147483647;
			files = (
			);
			runOnlyForDeploymentPostprocessing = 0;
		};
		BB100006BB100006BB100006 /* Resources */ = {
			isa = PBXResourcesBuildPhase;
			buildActionMask = 2147483647;
			files = (
			);
			runOnlyForDeploymentPostprocessing = 0;
		};
/* End PBXResourcesBuildPhase section */

/* Begin PBXSourcesBuildPhase section */
		9310DF542F66EEF600E1C965 /* Sources */ = {
			isa = PBXSourcesBuildPhase;
			buildActionMask = 2147483647;
			files = (
			);
			runOnlyForDeploymentPostprocessing = 0;
		};
		937E6FBB2FC0A2AF00FE3589 /* Sources */ = {
			isa = PBXSourcesBuildPhase;
			buildActionMask = 2147483647;
			files = (
			);
			runOnlyForDeploymentPostprocessing = 0;
		};
		93C7669C2FDBFE770092E077 /* Sources */ = {
			isa = PBXSourcesBuildPhase;
			buildActionMask = 2147483647;
			files = (
			);
			runOnlyForDeploymentPostprocessing = 0;
		};
		BB100004BB100004BB100004 /* Sources */ = {
			isa = PBXSourcesBuildPhase;
			buildActionMask = 2147483647;
			files = (
			);
			runOnlyForDeploymentPostprocessing = 0;
		};
/* End PBXSourcesBuildPhase section */

/* Begin PBXTargetDependency section */
		937E6FD42FC0A2B000FE3589 /* PBXTargetDependency */ = {
			isa = PBXTargetDependency;
			target = 937E6FBE2FC0A2AF00FE3589 /* DailyQuestionWidgetExtension */;
			targetProxy = 937E6FD32FC0A2B000FE3589 /* PBXContainerItemProxy */;
		};
		93B5F16D2FDFF8230042E162 /* PBXTargetDependency */ = {
			isa = PBXTargetDependency;
			target = 9310DF572F66EEF600E1C965 /* Talk */;
			targetProxy = 93B5F16C2FDFF8230042E162 /* PBXContainerItemProxy */;
		};
		93C766A52FDBFE780092E077 /* PBXTargetDependency */ = {
			isa = PBXTargetDependency;
			target = 9310DF572F66EEF600E1C965 /* Talk */;
			targetProxy = 93C766A42FDBFE780092E077 /* PBXContainerItemProxy */;
		};
/* End PBXTargetDependency section */

/* Begin XCBuildConfiguration section */
		9310DF612F66EEF700E1C965 /* Debug */ = {
			isa = XCBuildConfiguration;
			buildSettings = {
				ALWAYS_SEARCH_USER_PATHS = NO;
				ASSETCATALOG_COMPILER_GENERATE_SWIFT_ASSET_SYMBOL_EXTENSIONS = YES;
				CLANG_ANALYZER_LOCALIZABILITY_NONLOCALIZED = YES;
				CLANG_ANALYZER_NONNULL = YES;
				CLANG_ANALYZER_NUMBER_OBJECT_CONVERSION = YES_AGGRESSIVE;
				CLANG_CXX_LANGUAGE_STANDARD = "gnu++20";
				CLANG_ENABLE_MODULES = YES;
				CLANG_ENABLE_OBJC_ARC = YES;
				CLANG_ENABLE_OBJC_WEAK = YES;
				CLANG_WARN_BLOCK_CAPTURE_AUTORELEASING = YES;
				CLANG_WARN_BOOL_CONVERSION = YES;
				CLANG_WARN_COMMA = YES;
				CLANG_WARN_CONSTANT_CONVERSION = YES;
				CLANG_WARN_DEPRECATED_OBJC_IMPLEMENTATIONS = YES;
				CLANG_WARN_DIRECT_OBJC_ISA_USAGE = YES_ERROR;
				CLANG_WARN_DOCUMENTATION_COMMENTS = YES;
				CLANG_WARN_EMPTY_BODY = YES;
				CLANG_WARN_ENUM_CONVERSION = YES;
				CLANG_WARN_INFINITE_RECURSION = YES;
				CLANG_WARN_INT_CONVERSION = YES;
				CLANG_WARN_NON_LITERAL_NULL_CONVERSION = YES;
				CLANG_WARN_OBJC_IMPLICIT_RETAIN_SELF = YES;
				CLANG_WARN_OBJC_LITERAL_CONVERSION = YES;
				CLANG_WARN_OBJC_ROOT_CLASS = YES_ERROR;
				CLANG_WARN_QUOTED_INCLUDE_IN_FRAMEWORK_HEADER = YES;
				CLANG_WARN_RANGE_LOOP_ANALYSIS = YES;
				CLANG_WARN_STRICT_PROTOTYPES = YES;
				CLANG_WARN_SUSPICIOUS_MOVE = YES;
				CLANG_WARN_UNGUARDED_AVAILABILITY = YES_AGGRESSIVE;
				CLANG_WARN_UNREACHABLE_CODE = YES;
				CLANG_WARN__DUPLICATE_METHOD_MATCH = YES;
				COPY_PHASE_STRIP = NO;
				DEBUG_INFORMATION_FORMAT = dwarf;
				DEVELOPMENT_TEAM = DT2DFK4E8J;
				ENABLE_STRICT_OBJC_MSGSEND = YES;
				ENABLE_TESTABILITY = YES;
				ENABLE_USER_SCRIPT_SANDBOXING = YES;
				GCC_C_LANGUAGE_STANDARD = gnu17;
				GCC_DYNAMIC_NO_PIC = NO;
				GCC_NO_COMMON_BLOCKS = YES;
				GCC_OPTIMIZATION_LEVEL = 0;
				GCC_PREPROCESSOR_DEFINITIONS = (
					"DEBUG=1",
					"$(inherited)",
				);
				GCC_WARN_64_TO_32_BIT_CONVERSION = YES;
				GCC_WARN_ABOUT_RETURN_TYPE = YES_ERROR;
				GCC_WARN_UNDECLARED_SELECTOR = YES;
				GCC_WARN_UNINITIALIZED_AUTOS = YES_AGGRESSIVE;
				GCC_WARN_UNUSED_FUNCTION = YES;
				GCC_WARN_UNUSED_VARIABLE = YES;
				IPHONEOS_DEPLOYMENT_TARGET = 26.1;
				LOCALIZATION_PREFERS_STRING_CATALOGS = YES;
				MTL_ENABLE_DEBUG_INFO = INCLUDE_SOURCE;
				MTL_FAST_MATH = YES;
				ONLY_ACTIVE_ARCH = YES;
				SDKROOT = iphoneos;
				STRING_CATALOG_GENERATE_SYMBOLS = YES;
				SWIFT_ACTIVE_COMPILATION_CONDITIONS = "DEBUG $(inherited)";
				SWIFT_EMIT_LOC_STRINGS = YES;
				SWIFT_OPTIMIZATION_LEVEL = "-Onone";
			};
			name = Debug;
		};
		9310DF622F66EEF700E1C965 /* Release */ = {
			isa = XCBuildConfiguration;
			buildSettings = {
				ALWAYS_SEARCH_USER_PATHS = NO;
				ASSETCATALOG_COMPILER_GENERATE_SWIFT_ASSET_SYMBOL_EXTENSIONS = YES;
				CLANG_ANALYZER_LOCALIZABILITY_NONLOCALIZED = YES;
				CLANG_ANALYZER_NONNULL = YES;
				CLANG_ANALYZER_NUMBER_OBJECT_CONVERSION = YES_AGGRESSIVE;
				CLANG_CXX_LANGUAGE_STANDARD = "gnu++20";
				CLANG_ENABLE_MODULES = YES;
				CLANG_ENABLE_OBJC_ARC = YES;
				CLANG_ENABLE_OBJC_WEAK = YES;
				CLANG_WARN_BLOCK_CAPTURE_AUTORELEASING = YES;
				CLANG_WARN_BOOL_CONVERSION = YES;
				CLANG_WARN_COMMA = YES;
				CLANG_WARN_CONSTANT_CONVERSION = YES;
				CLANG_WARN_DEPRECATED_OBJC_IMPLEMENTATIONS = YES;
				CLANG_WARN_DIRECT_OBJC_ISA_USAGE = YES_ERROR;
				CLANG_WARN_DOCUMENTATION_COMMENTS = YES;
				CLANG_WARN_EMPTY_BODY = YES;
				CLANG_WARN_ENUM_CONVERSION = YES;
				CLANG_WARN_INFINITE_RECURSION = YES;
				CLANG_WARN_INT_CONVERSION = YES;
				CLANG_WARN_NON_LITERAL_NULL_CONVERSION = YES;
				CLANG_WARN_OBJC_IMPLICIT_RETAIN_SELF = YES;
				CLANG_WARN_OBJC_LITERAL_CONVERSION = YES;
				CLANG_WARN_OBJC_ROOT_CLASS = YES_ERROR;
				CLANG_WARN_QUOTED_INCLUDE_IN_FRAMEWORK_HEADER = YES;
				CLANG_WARN_RANGE_LOOP_ANALYSIS = YES;
				CLANG_WARN_STRICT_PROTOTYPES = YES;
				CLANG_WARN_SUSPICIOUS_MOVE = YES;
				CLANG_WARN_UNGUARDED_AVAILABILITY = YES_AGGRESSIVE;
				CLANG_WARN_UNREACHABLE_CODE = YES;
				CLANG_WARN__DUPLICATE_METHOD_MATCH = YES;
				COPY_PHASE_STRIP = NO;
				DEBUG_INFORMATION_FORMAT = "dwarf-with-dsym";
				DEVELOPMENT_TEAM = DT2DFK4E8J;
				ENABLE_NS_ASSERTIONS = NO;
				ENABLE_STRICT_OBJC_MSGSEND = YES;
				ENABLE_USER_SCRIPT_SANDBOXING = YES;
				GCC_C_LANGUAGE_STANDARD = gnu17;
				GCC_NO_COMMON_BLOCKS = YES;
				GCC_WARN_64_TO_32_BIT_CONVERSION = YES;
				GCC_WARN_ABOUT_RETURN_TYPE = YES_ERROR;
				GCC_WARN_UNDECLARED_SELECTOR = YES;
				GCC_WARN_UNINITIALIZED_AUTOS = YES_AGGRESSIVE;
				GCC_WARN_UNUSED_FUNCTION = YES;
				GCC_WARN_UNUSED_VARIABLE = YES;
				IPHONEOS_DEPLOYMENT_TARGET = 26.1;
				LOCALIZATION_PREFERS_STRING_CATALOGS = YES;
				MTL_ENABLE_DEBUG_INFO = NO;
				MTL_FAST_MATH = YES;
				SDKROOT = iphoneos;
				STRING_CATALOG_GENERATE_SYMBOLS = YES;
				SWIFT_COMPILATION_MODE = wholemodule;
				SWIFT_EMIT_LOC_STRINGS = YES;
				VALIDATE_PRODUCT = YES;
			};
			name = Release;
		};
		9310DF642F66EEF700E1C965 /* Debug */ = {
			isa = XCBuildConfiguration;
			buildSettings = {
				ASSETCATALOG_COMPILER_APPICON_NAME = AppIcon;
				ASSETCATALOG_COMPILER_GLOBAL_ACCENT_COLOR_NAME = AccentColor;
				ASSETCATALOG_COMPILER_INCLUDE_ALL_APPICON_ASSETS = NO;
				CODE_SIGN_ENTITLEMENTS = Talk/Talk.entitlements;
				CODE_SIGN_STYLE = Automatic;
				CURRENT_PROJECT_VERSION = 1;
				DEVELOPMENT_TEAM = 42C8RCBYWJ;
				ENABLE_PREVIEWS = YES;
				GENERATE_INFOPLIST_FILE = YES;
				INFOPLIST_FILE = Talk/Info.plist;
				INFOPLIST_KEY_CFBundleDisplayName = Talko;
				INFOPLIST_KEY_LSApplicationCategoryType = "public.app-category.word-games";
				INFOPLIST_KEY_UIApplicationSceneManifest_Generation = YES;
				INFOPLIST_KEY_UIApplicationSupportsIndirectInputEvents = YES;
				INFOPLIST_KEY_UILaunchScreen_Generation = YES;
				INFOPLIST_KEY_UISupportedInterfaceOrientations = "UIInterfaceOrientationPortrait UIInterfaceOrientationPortraitUpsideDown";
				INFOPLIST_KEY_UISupportedInterfaceOrientations_iPad = "UIInterfaceOrientationLandscapeLeft UIInterfaceOrientationLandscapeRight UIInterfaceOrientationPortrait UIInterfaceOrientationPortraitUpsideDown";
				IPHONEOS_DEPLOYMENT_TARGET = 17.0;
				LD_RUNPATH_SEARCH_PATHS = (
					"$(inherited)",
					"@executable_path/Frameworks",
				);
				MARKETING_VERSION = 1.2;
				PRODUCT_BUNDLE_IDENTIFIER = com.voloshanov.Talk;
				PRODUCT_NAME = "$(TARGET_NAME)";
				STRING_CATALOG_GENERATE_SYMBOLS = YES;
				SWIFT_APPROACHABLE_CONCURRENCY = YES;
				SWIFT_DEFAULT_ACTOR_ISOLATION = MainActor;
				SWIFT_EMIT_LOC_STRINGS = YES;
				SWIFT_UPCOMING_FEATURE_MEMBER_IMPORT_VISIBILITY = YES;
				SWIFT_VERSION = 5.0;
				TARGETED_DEVICE_FAMILY = "1,2";
			};
			name = Debug;
		};
		9310DF652F66EEF700E1C965 /* Release */ = {
			isa = XCBuildConfiguration;
			buildSettings = {
				ASSETCATALOG_COMPILER_APPICON_NAME = AppIcon;
				ASSETCATALOG_COMPILER_GLOBAL_ACCENT_COLOR_NAME = AccentColor;
				ASSETCATALOG_COMPILER_INCLUDE_ALL_APPICON_ASSETS = NO;
				CODE_SIGN_ENTITLEMENTS = Talk/Talk.entitlements;
				CODE_SIGN_STYLE = Automatic;
				CURRENT_PROJECT_VERSION = 1;
				DEVELOPMENT_TEAM = 42C8RCBYWJ;
				ENABLE_PREVIEWS = YES;
				GENERATE_INFOPLIST_FILE = YES;
				INFOPLIST_FILE = Talk/Info.plist;
				INFOPLIST_KEY_CFBundleDisplayName = Talko;
				INFOPLIST_KEY_LSApplicationCategoryType = "public.app-category.word-games";
				INFOPLIST_KEY_UIApplicationSceneManifest_Generation = YES;
				INFOPLIST_KEY_UIApplicationSupportsIndirectInputEvents = YES;
				INFOPLIST_KEY_UILaunchScreen_Generation = YES;
				INFOPLIST_KEY_UISupportedInterfaceOrientations = "UIInterfaceOrientationPortrait UIInterfaceOrientationPortraitUpsideDown";
				INFOPLIST_KEY_UISupportedInterfaceOrientations_iPad = "UIInterfaceOrientationLandscapeLeft UIInterfaceOrientationLandscapeRight UIInterfaceOrientationPortrait UIInterfaceOrientationPortraitUpsideDown";
				IPHONEOS_DEPLOYMENT_TARGET = 17.0;
				LD_RUNPATH_SEARCH_PATHS = (
					"$(inherited)",
					"@executable_path/Frameworks",
				);
				MARKETING_VERSION = 1.2;
				PRODUCT_BUNDLE_IDENTIFIER = com.voloshanov.Talk;
				PRODUCT_NAME = "$(TARGET_NAME)";
				STRING_CATALOG_GENERATE_SYMBOLS = YES;
				SWIFT_APPROACHABLE_CONCURRENCY = YES;
				SWIFT_DEFAULT_ACTOR_ISOLATION = MainActor;
				SWIFT_EMIT_LOC_STRINGS = YES;
				SWIFT_UPCOMING_FEATURE_MEMBER_IMPORT_VISIBILITY = YES;
				SWIFT_VERSION = 5.0;
				TARGETED_DEVICE_FAMILY = "1,2";
			};
			name = Release;
		};
		937E6FD72FC0A2B000FE3589 /* Debug */ = {
			isa = XCBuildConfiguration;
			buildSettings = {
				ASSETCATALOG_COMPILER_GLOBAL_ACCENT_COLOR_NAME = AccentColor;
				ASSETCATALOG_COMPILER_WIDGET_BACKGROUND_COLOR_NAME = WidgetBackground;
				CODE_SIGN_ENTITLEMENTS = DailyQuestionWidgetExtension.entitlements;
				CODE_SIGN_STYLE = Automatic;
				CURRENT_PROJECT_VERSION = 1;
				DEVELOPMENT_TEAM = 42C8RCBYWJ;
				GENERATE_INFOPLIST_FILE = YES;
				INFOPLIST_FILE = DailyQuestionWidget/Info.plist;
				INFOPLIST_KEY_CFBundleDisplayName = DailyQuestionWidget;
				INFOPLIST_KEY_NSHumanReadableCopyright = "";
				IPHONEOS_DEPLOYMENT_TARGET = 17.0;
				LD_RUNPATH_SEARCH_PATHS = (
					"$(inherited)",
					"@executable_path/Frameworks",
					"@executable_path/../../Frameworks",
				);
				MARKETING_VERSION = 1.2;
				PRODUCT_BUNDLE_IDENTIFIER = com.voloshanov.Talk.DailyQuestionWidget;
				PRODUCT_NAME = "$(TARGET_NAME)";
				SKIP_INSTALL = YES;
				STRING_CATALOG_GENERATE_SYMBOLS = YES;
				SWIFT_APPROACHABLE_CONCURRENCY = YES;
				SWIFT_EMIT_LOC_STRINGS = YES;
				SWIFT_UPCOMING_FEATURE_MEMBER_IMPORT_VISIBILITY = YES;
				SWIFT_VERSION = 5.0;
				TARGETED_DEVICE_FAMILY = "1,2";
			};
			name = Debug;
		};
		937E6FD82FC0A2B000FE3589 /* Release */ = {
			isa = XCBuildConfiguration;
			buildSettings = {
				ASSETCATALOG_COMPILER_GLOBAL_ACCENT_COLOR_NAME = AccentColor;
				ASSETCATALOG_COMPILER_WIDGET_BACKGROUND_COLOR_NAME = WidgetBackground;
				CODE_SIGN_ENTITLEMENTS = DailyQuestionWidgetExtension.entitlements;
				CODE_SIGN_STYLE = Automatic;
				CURRENT_PROJECT_VERSION = 1;
				DEVELOPMENT_TEAM = 42C8RCBYWJ;
				GENERATE_INFOPLIST_FILE = YES;
				INFOPLIST_FILE = DailyQuestionWidget/Info.plist;
				INFOPLIST_KEY_CFBundleDisplayName = DailyQuestionWidget;
				INFOPLIST_KEY_NSHumanReadableCopyright = "";
				IPHONEOS_DEPLOYMENT_TARGET = 17.0;
				LD_RUNPATH_SEARCH_PATHS = (
					"$(inherited)",
					"@executable_path/Frameworks",
					"@executable_path/../../Frameworks",
				);
				MARKETING_VERSION = 1.2;
				PRODUCT_BUNDLE_IDENTIFIER = com.voloshanov.Talk.DailyQuestionWidget;
				PRODUCT_NAME = "$(TARGET_NAME)";
				SKIP_INSTALL = YES;
				STRING_CATALOG_GENERATE_SYMBOLS = YES;
				SWIFT_APPROACHABLE_CONCURRENCY = YES;
				SWIFT_EMIT_LOC_STRINGS = YES;
				SWIFT_UPCOMING_FEATURE_MEMBER_IMPORT_VISIBILITY = YES;
				SWIFT_VERSION = 5.0;
				TARGETED_DEVICE_FAMILY = "1,2";
			};
			name = Release;
		};
		93C766A72FDBFE780092E077 /* Debug */ = {
			isa = XCBuildConfiguration;
			buildSettings = {
				BUNDLE_LOADER = "$(TEST_HOST)";
				CODE_SIGN_STYLE = Automatic;
				CURRENT_PROJECT_VERSION = 1;
				DEVELOPMENT_TEAM = 42C8RCBYWJ;
				GENERATE_INFOPLIST_FILE = YES;
				IPHONEOS_DEPLOYMENT_TARGET = 17.0;
				MARKETING_VERSION = 1.0;
				PRODUCT_BUNDLE_IDENTIFIER = com.voloshanov.TalkTests;
				PRODUCT_NAME = "$(TARGET_NAME)";
				STRING_CATALOG_GENERATE_SYMBOLS = NO;
				SWIFT_APPROACHABLE_CONCURRENCY = YES;
				SWIFT_EMIT_LOC_STRINGS = NO;
				SWIFT_UPCOMING_FEATURE_MEMBER_IMPORT_VISIBILITY = YES;
				SWIFT_VERSION = 5.0;
				TARGETED_DEVICE_FAMILY = "1,2";
				TEST_HOST = "$(BUILT_PRODUCTS_DIR)/Talk.app/$(BUNDLE_EXECUTABLE_FOLDER_PATH)/Talk";
			};
			name = Debug;
		};
		93C766A82FDBFE780092E077 /* Release */ = {
			isa = XCBuildConfiguration;
			buildSettings = {
				BUNDLE_LOADER = "$(TEST_HOST)";
				CODE_SIGN_STYLE = Automatic;
				CURRENT_PROJECT_VERSION = 1;
				DEVELOPMENT_TEAM = 42C8RCBYWJ;
				GENERATE_INFOPLIST_FILE = YES;
				IPHONEOS_DEPLOYMENT_TARGET = 17.0;
				MARKETING_VERSION = 1.0;
				PRODUCT_BUNDLE_IDENTIFIER = com.voloshanov.TalkTests;
				PRODUCT_NAME = "$(TARGET_NAME)";
				STRING_CATALOG_GENERATE_SYMBOLS = NO;
				SWIFT_APPROACHABLE_CONCURRENCY = YES;
				SWIFT_EMIT_LOC_STRINGS = NO;
				SWIFT_UPCOMING_FEATURE_MEMBER_IMPORT_VISIBILITY = YES;
				SWIFT_VERSION = 5.0;
				TARGETED_DEVICE_FAMILY = "1,2";
				TEST_HOST = "$(BUILT_PRODUCTS_DIR)/Talk.app/$(BUNDLE_EXECUTABLE_FOLDER_PATH)/Talk";
			};
			name = Release;
		};
		BB100007BB100007BB100007 /* Debug */ = {
			isa = XCBuildConfiguration;
			buildSettings = {
				CODE_SIGN_STYLE = Automatic;
				CURRENT_PROJECT_VERSION = 1;
				DEVELOPMENT_TEAM = 42C8RCBYWJ;
				GENERATE_INFOPLIST_FILE = YES;
				IPHONEOS_DEPLOYMENT_TARGET = 17.0;
				MARKETING_VERSION = 1.0;
				PRODUCT_BUNDLE_IDENTIFIER = com.voloshanov.DailyQuestionWidgetExtensionTests;
				PRODUCT_NAME = "$(TARGET_NAME)";
				STRING_CATALOG_GENERATE_SYMBOLS = NO;
				SWIFT_APPROACHABLE_CONCURRENCY = YES;
				SWIFT_EMIT_LOC_STRINGS = NO;
				SWIFT_UPCOMING_FEATURE_MEMBER_IMPORT_VISIBILITY = YES;
				SWIFT_VERSION = 5.0;
				TARGETED_DEVICE_FAMILY = "1,2";
				TEST_HOST = "$(BUILT_PRODUCTS_DIR)/Talk.app/$(BUNDLE_EXECUTABLE_FOLDER_PATH)/Talk";
			};
			name = Debug;
		};
		BB100008BB100008BB100008 /* Release */ = {
			isa = XCBuildConfiguration;
			buildSettings = {
				CODE_SIGN_STYLE = Automatic;
				CURRENT_PROJECT_VERSION = 1;
				DEVELOPMENT_TEAM = 42C8RCBYWJ;
				GENERATE_INFOPLIST_FILE = YES;
				IPHONEOS_DEPLOYMENT_TARGET = 17.0;
				MARKETING_VERSION = 1.0;
				PRODUCT_BUNDLE_IDENTIFIER = com.voloshanov.DailyQuestionWidgetExtensionTests;
				PRODUCT_NAME = "$(TARGET_NAME)";
				STRING_CATALOG_GENERATE_SYMBOLS = NO;
				SWIFT_APPROACHABLE_CONCURRENCY = YES;
				SWIFT_EMIT_LOC_STRINGS = NO;
				SWIFT_UPCOMING_FEATURE_MEMBER_IMPORT_VISIBILITY = YES;
				SWIFT_VERSION = 5.0;
				TARGETED_DEVICE_FAMILY = "1,2";
				TEST_HOST = "$(BUILT_PRODUCTS_DIR)/Talk.app/$(BUNDLE_EXECUTABLE_FOLDER_PATH)/Talk";
			};
			name = Release;
		};
/* End XCBuildConfiguration section */

/* Begin XCConfigurationList section */
		9310DF532F66EEF600E1C965 /* Build configuration list for PBXProject "Talk" */ = {
			isa = XCConfigurationList;
			buildConfigurations = (
				9310DF612F66EEF700E1C965 /* Debug */,
				9310DF622F66EEF700E1C965 /* Release */,
			);
			defaultConfigurationIsVisible = 0;
			defaultConfigurationName = Release;
		};
		9310DF632F66EEF700E1C965 /* Build configuration list for PBXNativeTarget "Talk" */ = {
			isa = XCConfigurationList;
			buildConfigurations = (
				9310DF642F66EEF700E1C965 /* Debug */,
				9310DF652F66EEF700E1C965 /* Release */,
			);
			defaultConfigurationIsVisible = 0;
			defaultConfigurationName = Release;
		};
		937E6FD92FC0A2B000FE3589 /* Build configuration list for PBXNativeTarget "DailyQuestionWidgetExtension" */ = {
			isa = XCConfigurationList;
			buildConfigurations = (
				937E6FD72FC0A2B000FE3589 /* Debug */,
				937E6FD82FC0A2B000FE3589 /* Release */,
			);
			defaultConfigurationIsVisible = 0;
			defaultConfigurationName = Release;
		};
		93C766A62FDBFE780092E077 /* Build configuration list for PBXNativeTarget "TalkTests" */ = {
			isa = XCConfigurationList;
			buildConfigurations = (
				93C766A72FDBFE780092E077 /* Debug */,
				93C766A82FDBFE780092E077 /* Release */,
			);
			defaultConfigurationIsVisible = 0;
			defaultConfigurationName = Release;
		};
		BB100009BB100009BB100009 /* Build configuration list for PBXNativeTarget "DailyQuestionWidgetExtensionTests" */ = {
			isa = XCConfigurationList;
			buildConfigurations = (
				BB100007BB100007BB100007 /* Debug */,
				BB100008BB100008BB100008 /* Release */,
			);
			defaultConfigurationIsVisible = 0;
			defaultConfigurationName = Release;
		};
/* End XCConfigurationList section */
	};
	rootObject = 9310DF502F66EEF600E1C965 /* Project object */;
}
